// !$*UTF8*$!
{
	archiveVersion = 1;
	classes = {
	};
	objectVersion = 46;
	objects = {

/* Begin PBXBuildFile section */
		0E1F12031D8BB200007F77EC /* ArticleObject.m in Sources */ = {isa = PBXBuildFile; fileRef = 0E1F12021D8BB200007F77EC /* ArticleObject.m */; };
		52AB659F1D7DBA670032C527 /* DrawInView.m in Sources */ = {isa = PBXBuildFile; fileRef = 52AB659E1D7DBA670032C527 /* DrawInView.m */; };
		52AB65C91D7F948F0032C527 /* WeatherObject.m in Sources */ = {isa = PBXBuildFile; fileRef = 52AB65C61D7F948F0032C527 /* WeatherObject.m */; };
		52AB65CA1D7F948F0032C527 /* YQL.m in Sources */ = {isa = PBXBuildFile; fileRef = 52AB65C81D7F948F0032C527 /* YQL.m */; };
		52AB65CC1D7F94A10032C527 /* WeatherForecast.plist in Resources */ = {isa = PBXBuildFile; fileRef = 52AB65CB1D7F94A10032C527 /* WeatherForecast.plist */; };
		52EBA9881D7A667500273548 /* main.m in Sources */ = {isa = PBXBuildFile; fileRef = 52EBA9871D7A667500273548 /* main.m */; };
		52EBA98B1D7A667500273548 /* AppDelegate.m in Sources */ = {isa = PBXBuildFile; fileRef = 52EBA98A1D7A667500273548 /* AppDelegate.m */; };
		52EBA98E1D7A667500273548 /* ViewController.m in Sources */ = {isa = PBXBuildFile; fileRef = 52EBA98D1D7A667500273548 /* ViewController.m */; };
		52EBA9911D7A667500273548 /* Main.storyboard in Resources */ = {isa = PBXBuildFile; fileRef = 52EBA98F1D7A667500273548 /* Main.storyboard */; };
		52EBA9931D7A667600273548 /* Assets.xcassets in Resources */ = {isa = PBXBuildFile; fileRef = 52EBA9921D7A667600273548 /* Assets.xcassets */; };
		52EBA9961D7A667600273548 /* LaunchScreen.storyboard in Resources */ = {isa = PBXBuildFile; fileRef = 52EBA9941D7A667600273548 /* LaunchScreen.storyboard */; };
		52EBA9A11D7A6ED700273548 /* ArtistAPI.m in Sources */ = {isa = PBXBuildFile; fileRef = 52EBA9A01D7A6ED700273548 /* ArtistAPI.m */; };
		5647DA2B772D13103B5E2016 /* libPods-SpecialMagazine.a in Frameworks */ = {isa = PBXBuildFile; fileRef = 67641A894018992672889CD9 /* libPods-SpecialMagazine.a */; };
/* End PBXBuildFile section */

/* Begin PBXFileReference section */
		0E1F12011D8BB200007F77EC /* ArticleObject.h */ = {isa = PBXFileReference; fileEncoding = 4; lastKnownFileType = sourcecode.c.h; name = ArticleObject.h; path = Model/ArticleObject.h; sourceTree = "<group>"; };
		0E1F12021D8BB200007F77EC /* ArticleObject.m */ = {isa = PBXFileReference; fileEncoding = 4; lastKnownFileType = sourcecode.c.objc; name = ArticleObject.m; path = Model/ArticleObject.m; sourceTree = "<group>"; };
		52AB659D1D7DBA670032C527 /* DrawInView.h */ = {isa = PBXFileReference; fileEncoding = 4; lastKnownFileType = sourcecode.c.h; name = DrawInView.h; path = Test/DrawInView.h; sourceTree = "<group>"; };
		52AB659E1D7DBA670032C527 /* DrawInView.m */ = {isa = PBXFileReference; fileEncoding = 4; lastKnownFileType = sourcecode.c.objc; name = DrawInView.m; path = Test/DrawInView.m; sourceTree = "<group>"; };
		52AB65C51D7F948F0032C527 /* WeatherObject.h */ = {isa = PBXFileReference; fileEncoding = 4; lastKnownFileType = sourcecode.c.h; path = WeatherObject.h; sourceTree = "<group>"; };
		52AB65C61D7F948F0032C527 /* WeatherObject.m */ = {isa = PBXFileReference; fileEncoding = 4; lastKnownFileType = sourcecode.c.objc; path = WeatherObject.m; sourceTree = "<group>"; };
		52AB65C71D7F948F0032C527 /* YQL.h */ = {isa = PBXFileReference; fileEncoding = 4; lastKnownFileType = sourcecode.c.h; path = YQL.h; sourceTree = "<group>"; };
		52AB65C81D7F948F0032C527 /* YQL.m */ = {isa = PBXFileReference; fileEncoding = 4; lastKnownFileType = sourcecode.c.objc; path = YQL.m; sourceTree = "<group>"; };
		52AB65CB1D7F94A10032C527 /* WeatherForecast.plist */ = {isa = PBXFileReference; fileEncoding = 4; lastKnownFileType = text.plist.xml; path = WeatherForecast.plist; sourceTree = "<group>"; };
		52EBA9831D7A667500273548 /* SpecialMagazine.app */ = {isa = PBXFileReference; explicitFileType = wrapper.application; includeInIndex = 0; path = SpecialMagazine.app; sourceTree = BUILT_PRODUCTS_DIR; };
		52EBA9871D7A667500273548 /* main.m */ = {isa = PBXFileReference; lastKnownFileType = sourcecode.c.objc; path = main.m; sourceTree = "<group>"; };
		52EBA9891D7A667500273548 /* AppDelegate.h */ = {isa = PBXFileReference; lastKnownFileType = sourcecode.c.h; path = AppDelegate.h; sourceTree = "<group>"; };
		52EBA98A1D7A667500273548 /* AppDelegate.m */ = {isa = PBXFileReference; lastKnownFileType = sourcecode.c.objc; path = AppDelegate.m; sourceTree = "<group>"; };
		52EBA98C1D7A667500273548 /* ViewController.h */ = {isa = PBXFileReference; lastKnownFileType = sourcecode.c.h; path = ViewController.h; sourceTree = "<group>"; };
		52EBA98D1D7A667500273548 /* ViewController.m */ = {isa = PBXFileReference; lastKnownFileType = sourcecode.c.objc; path = ViewController.m; sourceTree = "<group>"; };
		52EBA9901D7A667500273548 /* Base */ = {isa = PBXFileReference; lastKnownFileType = file.storyboard; name = Base; path = Base.lproj/Main.storyboard; sourceTree = "<group>"; };
		52EBA9921D7A667600273548 /* Assets.xcassets */ = {isa = PBXFileReference; lastKnownFileType = folder.assetcatalog; path = Assets.xcassets; sourceTree = "<group>"; };
		52EBA9951D7A667600273548 /* Base */ = {isa = PBXFileReference; lastKnownFileType = file.storyboard; name = Base; path = Base.lproj/LaunchScreen.storyboard; sourceTree = "<group>"; };
		52EBA9971D7A667600273548 /* Info.plist */ = {isa = PBXFileReference; lastKnownFileType = text.plist.xml; path = Info.plist; sourceTree = "<group>"; };
		52EBA99D1D7A6A2400273548 /* PrefixHeader.pch */ = {isa = PBXFileReference; lastKnownFileType = sourcecode.c.h; path = PrefixHeader.pch; sourceTree = "<group>"; };
		52EBA99E1D7A6C2A00273548 /* Define.h */ = {isa = PBXFileReference; lastKnownFileType = sourcecode.c.h; path = Define.h; sourceTree = "<group>"; };
		52EBA99F1D7A6ED700273548 /* ArtistAPI.h */ = {isa = PBXFileReference; fileEncoding = 4; lastKnownFileType = sourcecode.c.h; name = ArtistAPI.h; path = Model/ArtistAPI.h; sourceTree = "<group>"; };
		52EBA9A01D7A6ED700273548 /* ArtistAPI.m */ = {isa = PBXFileReference; fileEncoding = 4; lastKnownFileType = sourcecode.c.objc; name = ArtistAPI.m; path = Model/ArtistAPI.m; sourceTree = "<group>"; };
		67641A894018992672889CD9 /* libPods-SpecialMagazine.a */ = {isa = PBXFileReference; explicitFileType = archive.ar; includeInIndex = 0; path = "libPods-SpecialMagazine.a"; sourceTree = BUILT_PRODUCTS_DIR; };
		C2BC8731ADCDA1B918B71EE7 /* Pods-SpecialMagazine.debug.xcconfig */ = {isa = PBXFileReference; includeInIndex = 1; lastKnownFileType = text.xcconfig; name = "Pods-SpecialMagazine.debug.xcconfig"; path = "Pods/Target Support Files/Pods-SpecialMagazine/Pods-SpecialMagazine.debug.xcconfig"; sourceTree = "<group>"; };
		D8A2E99C89D7B129D80B683B /* Pods-SpecialMagazine.release.xcconfig */ = {isa = PBXFileReference; includeInIndex = 1; lastKnownFileType = text.xcconfig; name = "Pods-SpecialMagazine.release.xcconfig"; path = "Pods/Target Support Files/Pods-SpecialMagazine/Pods-SpecialMagazine.release.xcconfig"; sourceTree = "<group>"; };
/* End PBXFileReference section */

/* Begin PBXFrameworksBuildPhase section */
		52EBA9801D7A667500273548 /* Frameworks */ = {
			isa = PBXFrameworksBuildPhase;
			buildActionMask = 2147483647;
			files = (
				5647DA2B772D13103B5E2016 /* libPods-SpecialMagazine.a in Frameworks */,
			);
			runOnlyForDeploymentPostprocessing = 0;
		};
/* End PBXFrameworksBuildPhase section */

/* Begin PBXGroup section */
		52AB65A01D7DBA6B0032C527 /* Test */ = {
			isa = PBXGroup;
			children = (
				52AB659D1D7DBA670032C527 /* DrawInView.h */,
				52AB659E1D7DBA670032C527 /* DrawInView.m */,
			);
			name = Test;
			sourceTree = "<group>";
		};
		52AB65C41D7F948F0032C527 /* Weather Modun */ = {
			isa = PBXGroup;
			children = (
				52AB65C51D7F948F0032C527 /* WeatherObject.h */,
				52AB65C61D7F948F0032C527 /* WeatherObject.m */,
				52AB65C71D7F948F0032C527 /* YQL.h */,
				52AB65C81D7F948F0032C527 /* YQL.m */,
			);
			path = "Weather Modun";
			sourceTree = "<group>";
		};
		52EBA97A1D7A667500273548 = {
			isa = PBXGroup;
			children = (
				52EBA9851D7A667500273548 /* SpecialMagazine */,
				52EBA9841D7A667500273548 /* Products */,
				878C7841E8677B75BBCA7C5D /* Pods */,
				A35584569E7FC49EA69331E1 /* Frameworks */,
			);
			sourceTree = "<group>";
		};
		52EBA9841D7A667500273548 /* Products */ = {
			isa = PBXGroup;
			children = (
				52EBA9831D7A667500273548 /* SpecialMagazine.app */,
			);
			name = Products;
			sourceTree = "<group>";
		};
		52EBA9851D7A667500273548 /* SpecialMagazine */ = {
			isa = PBXGroup;
			children = (
				52EBA9891D7A667500273548 /* AppDelegate.h */,
				52EBA98A1D7A667500273548 /* AppDelegate.m */,
				52EBA98C1D7A667500273548 /* ViewController.h */,
				52EBA98D1D7A667500273548 /* ViewController.m */,
				52AB65A01D7DBA6B0032C527 /* Test */,
				52EBA9A21D7A6EE200273548 /* Model */,
				52EBA98F1D7A667500273548 /* Main.storyboard */,
				52AB65C41D7F948F0032C527 /* Weather Modun */,
				52EBA9921D7A667600273548 /* Assets.xcassets */,
				52EBA9941D7A667600273548 /* LaunchScreen.storyboard */,
				52EBA9971D7A667600273548 /* Info.plist */,
				52EBA9861D7A667500273548 /* Supporting Files */,
			);
			path = SpecialMagazine;
			sourceTree = "<group>";
		};
		52EBA9861D7A667500273548 /* Supporting Files */ = {
			isa = PBXGroup;
			children = (
				52EBA99E1D7A6C2A00273548 /* Define.h */,
				52EBA9871D7A667500273548 /* main.m */,
				52AB65CB1D7F94A10032C527 /* WeatherForecast.plist */,
				52EBA99D1D7A6A2400273548 /* PrefixHeader.pch */,
			);
			name = "Supporting Files";
			sourceTree = "<group>";
		};
		52EBA9A21D7A6EE200273548 /* Model */ = {
			isa = PBXGroup;
			children = (
				52EBA99F1D7A6ED700273548 /* ArtistAPI.h */,
				52EBA9A01D7A6ED700273548 /* ArtistAPI.m */,
				0E1F12011D8BB200007F77EC /* ArticleObject.h */,
				0E1F12021D8BB200007F77EC /* ArticleObject.m */,
			);
			name = Model;
			sourceTree = "<group>";
		};
		878C7841E8677B75BBCA7C5D /* Pods */ = {
			isa = PBXGroup;
			children = (
				C2BC8731ADCDA1B918B71EE7 /* Pods-SpecialMagazine.debug.xcconfig */,
				D8A2E99C89D7B129D80B683B /* Pods-SpecialMagazine.release.xcconfig */,
			);
			name = Pods;
			sourceTree = "<group>";
		};
		A35584569E7FC49EA69331E1 /* Frameworks */ = {
			isa = PBXGroup;
			children = (
				67641A894018992672889CD9 /* libPods-SpecialMagazine.a */,
			);
			name = Frameworks;
			sourceTree = "<group>";
		};
/* End PBXGroup section */

/* Begin PBXNativeTarget section */
		52EBA9821D7A667500273548 /* SpecialMagazine */ = {
			isa = PBXNativeTarget;
			buildConfigurationList = 52EBA99A1D7A667600273548 /* Build configuration list for PBXNativeTarget "SpecialMagazine" */;
			buildPhases = (
				2E1CED405560FB7CF05A9821 /* [CP] Check Pods Manifest.lock */,
				52EBA97F1D7A667500273548 /* Sources */,
				52EBA9801D7A667500273548 /* Frameworks */,
				52EBA9811D7A667500273548 /* Resources */,
				585E956A5838331FF5D45A95 /* [CP] Embed Pods Frameworks */,
				02ABB35B9A4936F52B55BC4F /* [CP] Copy Pods Resources */,
			);
			buildRules = (
			);
			dependencies = (
			);
			name = SpecialMagazine;
			productName = SpecialMagazine;
			productReference = 52EBA9831D7A667500273548 /* SpecialMagazine.app */;
			productType = "com.apple.product-type.application";
		};
/* End PBXNativeTarget section */

/* Begin PBXProject section */
		52EBA97B1D7A667500273548 /* Project object */ = {
			isa = PBXProject;
			attributes = {
				LastUpgradeCheck = 0730;
				ORGANIZATIONNAME = "Macbook Pro";
				TargetAttributes = {
					52EBA9821D7A667500273548 = {
						CreatedOnToolsVersion = 7.3.1;
					};
				};
			};
			buildConfigurationList = 52EBA97E1D7A667500273548 /* Build configuration list for PBXProject "SpecialMagazine" */;
			compatibilityVersion = "Xcode 3.2";
			developmentRegion = English;
			hasScannedForEncodings = 0;
			knownRegions = (
				en,
				Base,
			);
			mainGroup = 52EBA97A1D7A667500273548;
			productRefGroup = 52EBA9841D7A667500273548 /* Products */;
			projectDirPath = "";
			projectRoot = "";
			targets = (
				52EBA9821D7A667500273548 /* SpecialMagazine */,
			);
		};
/* End PBXProject section */

/* Begin PBXResourcesBuildPhase section */
		52EBA9811D7A667500273548 /* Resources */ = {
			isa = PBXResourcesBuildPhase;
			buildActionMask = 2147483647;
			files = (
				52EBA9961D7A667600273548 /* LaunchScreen.storyboard in Resources */,
				52EBA9931D7A667600273548 /* Assets.xcassets in Resources */,
				52AB65CC1D7F94A10032C527 /* WeatherForecast.plist in Resources */,
				52EBA9911D7A667500273548 /* Main.storyboard in Resources */,
			);
			runOnlyForDeploymentPostprocessing = 0;
		};
/* End PBXResourcesBuildPhase section */

/* Begin PBXShellScriptBuildPhase section */
		02ABB35B9A4936F52B55BC4F /* [CP] Copy Pods Resources */ = {
			isa = PBXShellScriptBuildPhase;
			buildActionMask = 2147483647;
			files = (
			);
			inputPaths = (
			);
			name = "[CP] Copy Pods Resources";
			outputPaths = (
			);
			runOnlyForDeploymentPostprocessing = 0;
			shellPath = /bin/sh;
			shellScript = "\"${SRCROOT}/Pods/Target Support Files/Pods-SpecialMagazine/Pods-SpecialMagazine-resources.sh\"\n";
			showEnvVarsInLog = 0;
		};
		2E1CED405560FB7CF05A9821 /* [CP] Check Pods Manifest.lock */ = {
			isa = PBXShellScriptBuildPhase;
			buildActionMask = 2147483647;
			files = (
			);
			inputPaths = (
			);
			name = "[CP] Check Pods Manifest.lock";
			outputPaths = (
			);
			runOnlyForDeploymentPostprocessing = 0;
			shellPath = /bin/sh;
			shellScript = "diff \"${PODS_ROOT}/../Podfile.lock\" \"${PODS_ROOT}/Manifest.lock\" > /dev/null\nif [[ $? != 0 ]] ; then\n    cat << EOM\nerror: The sandbox is not in sync with the Podfile.lock. Run 'pod install' or update your CocoaPods installation.\nEOM\n    exit 1\nfi\n";
			showEnvVarsInLog = 0;
		};
		585E956A5838331FF5D45A95 /* [CP] Embed Pods Frameworks */ = {
			isa = PBXShellScriptBuildPhase;
			buildActionMask = 2147483647;
			files = (
			);
			inputPaths = (
			);
			name = "[CP] Embed Pods Frameworks";
			outputPaths = (
			);
			runOnlyForDeploymentPostprocessing = 0;
			shellPath = /bin/sh;
			shellScript = "\"${SRCROOT}/Pods/Target Support Files/Pods-SpecialMagazine/Pods-SpecialMagazine-frameworks.sh\"\n";
			showEnvVarsInLog = 0;
		};
/* End PBXShellScriptBuildPhase section */

/* Begin PBXSourcesBuildPhase section */
		52EBA97F1D7A667500273548 /* Sources */ = {
			isa = PBXSourcesBuildPhase;
			buildActionMask = 2147483647;
			files = (
				52EBA98E1D7A667500273548 /* ViewController.m in Sources */,
				52EBA98B1D7A667500273548 /* AppDelegate.m in Sources */,
				52EBA9881D7A667500273548 /* main.m in Sources */,
				52AB65C91D7F948F0032C527 /* WeatherObject.m in Sources */,
				52AB659F1D7DBA670032C527 /* DrawInView.m in Sources */,
				0E1F12031D8BB200007F77EC /* ArticleObject.m in Sources */,
				52EBA9A11D7A6ED700273548 /* ArtistAPI.m in Sources */,
				52AB65CA1D7F948F0032C527 /* YQL.m in Sources */,
			);
			runOnlyForDeploymentPostprocessing = 0;
		};
/* End PBXSourcesBuildPhase section */

/* Begin PBXVariantGroup section */
		52EBA98F1D7A667500273548 /* Main.storyboard */ = {
			isa = PBXVariantGroup;
			children = (
				52EBA9901D7A667500273548 /* Base */,
			);
			name = Main.storyboard;
			sourceTree = "<group>";
		};
		52EBA9941D7A667600273548 /* LaunchScreen.storyboard */ = {
			isa = PBXVariantGroup;
			children = (
				52EBA9951D7A667600273548 /* Base */,
			);
			name = LaunchScreen.storyboard;
			sourceTree = "<group>";
		};
/* End PBXVariantGroup section */

/* Begin XCBuildConfiguration section */
		52EBA9981D7A667600273548 /* Debug */ = {
			isa = XCBuildConfiguration;
			buildSettings = {
				ALWAYS_SEARCH_USER_PATHS = NO;
				CLANG_ANALYZER_NONNULL = YES;
				CLANG_CXX_LANGUAGE_STANDARD = "gnu++0x";
				CLANG_CXX_LIBRARY = "libc++";
				CLANG_ENABLE_MODULES = YES;
				CLANG_ENABLE_OBJC_ARC = YES;
				CLANG_WARN_BOOL_CONVERSION = YES;
				CLANG_WARN_CONSTANT_CONVERSION = YES;
				CLANG_WARN_DIRECT_OBJC_ISA_USAGE = YES_ERROR;
				CLANG_WARN_EMPTY_BODY = YES;
				CLANG_WARN_ENUM_CONVERSION = YES;
				CLANG_WARN_INT_CONVERSION = YES;
				CLANG_WARN_OBJC_ROOT_CLASS = YES_ERROR;
				CLANG_WARN_UNREACHABLE_CODE = YES;
				CLANG_WARN__DUPLICATE_METHOD_MATCH = YES;
				"CODE_SIGN_IDENTITY[sdk=iphoneos*]" = "iPhone Developer";
				COPY_PHASE_STRIP = NO;
				DEBUG_INFORMATION_FORMAT = dwarf;
				ENABLE_STRICT_OBJC_MSGSEND = YES;
				ENABLE_TESTABILITY = YES;
				GCC_C_LANGUAGE_STANDARD = gnu99;
				GCC_DYNAMIC_NO_PIC = NO;
				GCC_NO_COMMON_BLOCKS = YES;
				GCC_OPTIMIZATION_LEVEL = 0;
				GCC_PREPROCESSOR_DEFINITIONS = (
					"DEBUG=1",
					"$(inherited)",
				);
				GCC_WARN_64_TO_32_BIT_CONVERSION = YES;
				GCC_WARN_ABOUT_RETURN_TYPE = YES_ERROR;
				GCC_WARN_UNDECLARED_SELECTOR = YES;
				GCC_WARN_UNINITIALIZED_AUTOS = YES_AGGRESSIVE;
				GCC_WARN_UNUSED_FUNCTION = YES;
				GCC_WARN_UNUSED_VARIABLE = YES;
				IPHONEOS_DEPLOYMENT_TARGET = 9.3;
				MTL_ENABLE_DEBUG_INFO = YES;
				ONLY_ACTIVE_ARCH = YES;
				SDKROOT = iphoneos;
				TARGETED_DEVICE_FAMILY = "1,2";
			};
			name = Debug;
		};
		52EBA9991D7A667600273548 /* Release */ = {
			isa = XCBuildConfiguration;
			buildSettings = {
				ALWAYS_SEARCH_USER_PATHS = NO;
				CLANG_ANALYZER_NONNULL = YES;
				CLANG_CXX_LANGUAGE_STANDARD = "gnu++0x";
				CLANG_CXX_LIBRARY = "libc++";
				CLANG_ENABLE_MODULES = YES;
				CLANG_ENABLE_OBJC_ARC = YES;
				CLANG_WARN_BOOL_CONVERSION = YES;
				CLANG_WARN_CONSTANT_CONVERSION = YES;
				CLANG_WARN_DIRECT_OBJC_ISA_USAGE = YES_ERROR;
				CLANG_WARN_EMPTY_BODY = YES;
				CLANG_WARN_ENUM_CONVERSION = YES;
				CLANG_WARN_INT_CONVERSION = YES;
				CLANG_WARN_OBJC_ROOT_CLASS = YES_ERROR;
				CLANG_WARN_UNREACHABLE_CODE = YES;
				CLANG_WARN__DUPLICATE_METHOD_MATCH = YES;
				"CODE_SIGN_IDENTITY[sdk=iphoneos*]" = "iPhone Developer";
				COPY_PHASE_STRIP = NO;
				DEBUG_INFORMATION_FORMAT = "dwarf-with-dsym";
				ENABLE_NS_ASSERTIONS = NO;
				ENABLE_STRICT_OBJC_MSGSEND = YES;
				GCC_C_LANGUAGE_STANDARD = gnu99;
				GCC_NO_COMMON_BLOCKS = YES;
				GCC_WARN_64_TO_32_BIT_CONVERSION = YES;
				GCC_WARN_ABOUT_RETURN_TYPE = YES_ERROR;
				GCC_WARN_UNDECLARED_SELECTOR = YES;
				GCC_WARN_UNINITIALIZED_AUTOS = YES_AGGRESSIVE;
				GCC_WARN_UNUSED_FUNCTION = YES;
				GCC_WARN_UNUSED_VARIABLE = YES;
				IPHONEOS_DEPLOYMENT_TARGET = 9.3;
				MTL_ENABLE_DEBUG_INFO = NO;
				SDKROOT = iphoneos;
				TARGETED_DEVICE_FAMILY = "1,2";
				VALIDATE_PRODUCT = YES;
			};
			name = Release;
		};
		52EBA99B1D7A667600273548 /* Debug */ = {
			isa = XCBuildConfiguration;
			baseConfigurationReference = C2BC8731ADCDA1B918B71EE7 /* Pods-SpecialMagazine.debug.xcconfig */;
			buildSettings = {
				ASSETCATALOG_COMPILER_APPICON_NAME = AppIcon;
				GCC_PRECOMPILE_PREFIX_HEADER = YES;
				GCC_PREFIX_HEADER = "$(PROJECT_DIR)/SpecialMagazine/PrefixHeader.pch";
				INFOPLIST_FILE = SpecialMagazine/Info.plist;
				IPHONEOS_DEPLOYMENT_TARGET = 7.1;
				LD_RUNPATH_SEARCH_PATHS = "$(inherited) @executable_path/Frameworks";
				PRODUCT_BUNDLE_IDENTIFIER = LightStudio.SpecialMagazine;
				PRODUCT_NAME = "$(TARGET_NAME)";
			};
			name = Debug;
		};
		52EBA99C1D7A667600273548 /* Release */ = {
			isa = XCBuildConfiguration;
			baseConfigurationReference = D8A2E99C89D7B129D80B683B /* Pods-SpecialMagazine.release.xcconfig */;
			buildSettings = {
				ASSETCATALOG_COMPILER_APPICON_NAME = AppIcon;
				GCC_PRECOMPILE_PREFIX_HEADER = YES;
				GCC_PREFIX_HEADER = "$(PROJECT_DIR)/SpecialMagazine/PrefixHeader.pch";
				INFOPLIST_FILE = SpecialMagazine/Info.plist;
				IPHONEOS_DEPLOYMENT_TARGET = 7.1;
				LD_RUNPATH_SEARCH_PATHS = "$(inherited) @executable_path/Frameworks";
				PRODUCT_BUNDLE_IDENTIFIER = LightStudio.SpecialMagazine;
				PRODUCT_NAME = "$(TARGET_NAME)";
			};
			name = Release;
		};
/* End XCBuildConfiguration section */

/* Begin XCConfigurationList section */
		52EBA97E1D7A667500273548 /* Build configuration list for PBXProject "SpecialMagazine" */ = {
			isa = XCConfigurationList;
			buildConfigurations = (
				52EBA9981D7A667600273548 /* Debug */,
				52EBA9991D7A667600273548 /* Release */,
			);
			defaultConfigurationIsVisible = 0;
			defaultConfigurationName = Release;
		};
		52EBA99A1D7A667600273548 /* Build configuration list for PBXNativeTarget "SpecialMagazine" */ = {
			isa = XCConfigurationList;
			buildConfigurations = (
				52EBA99B1D7A667600273548 /* Debug */,
				52EBA99C1D7A667600273548 /* Release */,
			);
			defaultConfigurationIsVisible = 0;
			defaultConfigurationName = Release;
		};
/* End XCConfigurationList section */
	};
	rootObject = 52EBA97B1D7A667500273548 /* Project object */;
}
