// !$*UTF8*$!
{
	archiveVersion = 1;
	classes = {
	};
	objectVersion = 46;
	objects = {

/* Begin PBXBuildFile section */
		0E1F12031D8BB200007F77EC /* ArticleObject.m in Sources */ = {isa = PBXBuildFile; fileRef = 0E1F12021D8BB200007F77EC /* ArticleObject.m */; };
		0E604CF71DEC32A3006A5346 /* HMSegmentedControl.m in Sources */ = {isa = PBXBuildFile; fileRef = 0E604CF61DEC32A3006A5346 /* HMSegmentedControl.m */; };
		0E9AD5381DBF1B3800F6A666 /* CellCollectionView.m in Sources */ = {isa = PBXBuildFile; fileRef = 0E9AD5361DBF1B3800F6A666 /* CellCollectionView.m */; };
		0E9AD5391DBF1B3800F6A666 /* CellCollectionView.xib in Resources */ = {isa = PBXBuildFile; fileRef = 0E9AD5371DBF1B3800F6A666 /* CellCollectionView.xib */; };
		0ED628631DF01B6400898D15 /* TKNaviViewController.m in Sources */ = {isa = PBXBuildFile; fileRef = 0ED628621DF01B6400898D15 /* TKNaviViewController.m */; };
		0ED763601DA24A390065F881 /* ListWebsitesController.m in Sources */ = {isa = PBXBuildFile; fileRef = 0ED7635F1DA24A390065F881 /* ListWebsitesController.m */; };
		0EE72E941D9E23B0009C087A /* ContainViewController.m in Sources */ = {isa = PBXBuildFile; fileRef = 0EE72E931D9E23B0009C087A /* ContainViewController.m */; };
		0EE72E981D9E2CC8009C087A /* TestChildViewController.m in Sources */ = {isa = PBXBuildFile; fileRef = 0EE72E971D9E2CC8009C087A /* TestChildViewController.m */; };
		0EE72EB01D9E2F75009C087A /* XLBarPagerTabStripViewController.m in Sources */ = {isa = PBXBuildFile; fileRef = 0EE72E9C1D9E2F75009C087A /* XLBarPagerTabStripViewController.m */; };
		0EE72EB11D9E2F75009C087A /* XLButtonBarPagerTabStripViewController.m in Sources */ = {isa = PBXBuildFile; fileRef = 0EE72E9E1D9E2F75009C087A /* XLButtonBarPagerTabStripViewController.m */; };
		0EE72EB21D9E2F75009C087A /* XLPagerTabStripViewController.m in Sources */ = {isa = PBXBuildFile; fileRef = 0EE72EA01D9E2F75009C087A /* XLPagerTabStripViewController.m */; };
		0EE72EB31D9E2F75009C087A /* XLSegmentedPagerTabStripViewController.m in Sources */ = {isa = PBXBuildFile; fileRef = 0EE72EA21D9E2F75009C087A /* XLSegmentedPagerTabStripViewController.m */; };
		0EE72EB41D9E2F75009C087A /* XLTwitterPagerTabStripViewController.m in Sources */ = {isa = PBXBuildFile; fileRef = 0EE72EA41D9E2F75009C087A /* XLTwitterPagerTabStripViewController.m */; };
		0EE72EB51D9E2F75009C087A /* ButtonCell.xib in Resources */ = {isa = PBXBuildFile; fileRef = 0EE72EA61D9E2F75009C087A /* ButtonCell.xib */; };
		0EE72EB61D9E2F75009C087A /* FXPageControl.m in Sources */ = {isa = PBXBuildFile; fileRef = 0EE72EA91D9E2F75009C087A /* FXPageControl.m */; };
		0EE72EB71D9E2F75009C087A /* XLBarView.m in Sources */ = {isa = PBXBuildFile; fileRef = 0EE72EAB1D9E2F75009C087A /* XLBarView.m */; };
		0EE72EB81D9E2F75009C087A /* XLButtonBarView.m in Sources */ = {isa = PBXBuildFile; fileRef = 0EE72EAD1D9E2F75009C087A /* XLButtonBarView.m */; };
		0EE72EB91D9E2F75009C087A /* XLButtonBarViewCell.m in Sources */ = {isa = PBXBuildFile; fileRef = 0EE72EAF1D9E2F75009C087A /* XLButtonBarViewCell.m */; };
		0EE72EC21D9E55ED009C087A /* LaunchingViewController.m in Sources */ = {isa = PBXBuildFile; fileRef = 0EE72EC11D9E55ED009C087A /* LaunchingViewController.m */; };
		0EEBAB581DA24CA700D36D0E /* ListWebsiteCell.m in Sources */ = {isa = PBXBuildFile; fileRef = 0EEBAB571DA24CA700D36D0E /* ListWebsiteCell.m */; };
		0EEBAB5B1DA34CAC00D36D0E /* document.json in Resources */ = {isa = PBXBuildFile; fileRef = 0EEBAB5A1DA34CAC00D36D0E /* document.json */; };
		5225F86E1D8F69F20079E151 /* TableViewCell.m in Sources */ = {isa = PBXBuildFile; fileRef = 5225F86D1D8F69F20079E151 /* TableViewCell.m */; };
		5225F8711D90B4A50079E151 /* DetailViewController.m in Sources */ = {isa = PBXBuildFile; fileRef = 5225F8701D90B4A50079E151 /* DetailViewController.m */; };
		5288D2161DBED940003A000D /* NewStyleViewController.m in Sources */ = {isa = PBXBuildFile; fileRef = 5288D2151DBED940003A000D /* NewStyleViewController.m */; };
		5288D21A1DBEDD19003A000D /* CollectionViewCell.m in Sources */ = {isa = PBXBuildFile; fileRef = 5288D2181DBEDD19003A000D /* CollectionViewCell.m */; };
		5288D21B1DBEDD19003A000D /* CollectionViewCell.xib in Resources */ = {isa = PBXBuildFile; fileRef = 5288D2191DBEDD19003A000D /* CollectionViewCell.xib */; };
		52AB659F1D7DBA670032C527 /* DrawInView.m in Sources */ = {isa = PBXBuildFile; fileRef = 52AB659E1D7DBA670032C527 /* DrawInView.m */; };
		52AB65C91D7F948F0032C527 /* WeatherObject.m in Sources */ = {isa = PBXBuildFile; fileRef = 52AB65C61D7F948F0032C527 /* WeatherObject.m */; };
		52AB65CA1D7F948F0032C527 /* YQL.m in Sources */ = {isa = PBXBuildFile; fileRef = 52AB65C81D7F948F0032C527 /* YQL.m */; };
		52AB65CC1D7F94A10032C527 /* WeatherForecast.plist in Resources */ = {isa = PBXBuildFile; fileRef = 52AB65CB1D7F94A10032C527 /* WeatherForecast.plist */; };
		52EBA9881D7A667500273548 /* main.m in Sources */ = {isa = PBXBuildFile; fileRef = 52EBA9871D7A667500273548 /* main.m */; };
		52EBA98B1D7A667500273548 /* AppDelegate.m in Sources */ = {isa = PBXBuildFile; fileRef = 52EBA98A1D7A667500273548 /* AppDelegate.m */; };
		52EBA98E1D7A667500273548 /* ViewController.m in Sources */ = {isa = PBXBuildFile; fileRef = 52EBA98D1D7A667500273548 /* ViewController.m */; };
		52EBA9911D7A667500273548 /* Main.storyboard in Resources */ = {isa = PBXBuildFile; fileRef = 52EBA98F1D7A667500273548 /* Main.storyboard */; };
		52EBA9931D7A667600273548 /* Assets.xcassets in Resources */ = {isa = PBXBuildFile; fileRef = 52EBA9921D7A667600273548 /* Assets.xcassets */; };
		52EBA9961D7A667600273548 /* LaunchScreen.storyboard in Resources */ = {isa = PBXBuildFile; fileRef = 52EBA9941D7A667600273548 /* LaunchScreen.storyboard */; };
		52EBA9A11D7A6ED700273548 /* ArtistAPI.m in Sources */ = {isa = PBXBuildFile; fileRef = 52EBA9A01D7A6ED700273548 /* ArtistAPI.m */; };
		5647DA2B772D13103B5E2016 /* libPods-SpecialMagazine.a in Frameworks */ = {isa = PBXBuildFile; fileRef = 67641A894018992672889CD9 /* libPods-SpecialMagazine.a */; };
/* End PBXBuildFile section */

/* Begin PBXFileReference section */
		0E1F12011D8BB200007F77EC /* ArticleObject.h */ = {isa = PBXFileReference; fileEncoding = 4; lastKnownFileType = sourcecode.c.h; name = ArticleObject.h; path = Model/ArticleObject.h; sourceTree = "<group>"; };
		0E1F12021D8BB200007F77EC /* ArticleObject.m */ = {isa = PBXFileReference; fileEncoding = 4; lastKnownFileType = sourcecode.c.objc; name = ArticleObject.m; path = Model/ArticleObject.m; sourceTree = "<group>"; };
		0E604CF51DEC32A3006A5346 /* HMSegmentedControl.h */ = {isa = PBXFileReference; fileEncoding = 4; lastKnownFileType = sourcecode.c.h; path = HMSegmentedControl.h; sourceTree = "<group>"; };
		0E604CF61DEC32A3006A5346 /* HMSegmentedControl.m */ = {isa = PBXFileReference; fileEncoding = 4; lastKnownFileType = sourcecode.c.objc; path = HMSegmentedControl.m; sourceTree = "<group>"; };
		0E9AD5351DBF1B3800F6A666 /* CellCollectionView.h */ = {isa = PBXFileReference; fileEncoding = 4; lastKnownFileType = sourcecode.c.h; name = CellCollectionView.h; path = ViewController/CellCollectionView.h; sourceTree = "<group>"; };
		0E9AD5361DBF1B3800F6A666 /* CellCollectionView.m */ = {isa = PBXFileReference; fileEncoding = 4; lastKnownFileType = sourcecode.c.objc; name = CellCollectionView.m; path = ViewController/CellCollectionView.m; sourceTree = "<group>"; };
		0E9AD5371DBF1B3800F6A666 /* CellCollectionView.xib */ = {isa = PBXFileReference; fileEncoding = 4; lastKnownFileType = file.xib; name = CellCollectionView.xib; path = ViewController/CellCollectionView.xib; sourceTree = "<group>"; };
		0ED628611DF01B6400898D15 /* TKNaviViewController.h */ = {isa = PBXFileReference; fileEncoding = 4; lastKnownFileType = sourcecode.c.h; path = TKNaviViewController.h; sourceTree = "<group>"; };
		0ED628621DF01B6400898D15 /* TKNaviViewController.m */ = {isa = PBXFileReference; fileEncoding = 4; lastKnownFileType = sourcecode.c.objc; path = TKNaviViewController.m; sourceTree = "<group>"; };
		0ED7635E1DA24A390065F881 /* ListWebsitesController.h */ = {isa = PBXFileReference; fileEncoding = 4; lastKnownFileType = sourcecode.c.h; name = ListWebsitesController.h; path = ViewController/ListWebsitesController.h; sourceTree = "<group>"; };
		0ED7635F1DA24A390065F881 /* ListWebsitesController.m */ = {isa = PBXFileReference; fileEncoding = 4; lastKnownFileType = sourcecode.c.objc; name = ListWebsitesController.m; path = ViewController/ListWebsitesController.m; sourceTree = "<group>"; };
		0EE72E921D9E23B0009C087A /* ContainViewController.h */ = {isa = PBXFileReference; fileEncoding = 4; lastKnownFileType = sourcecode.c.h; name = ContainViewController.h; path = ViewController/ContainViewController.h; sourceTree = "<group>"; };
		0EE72E931D9E23B0009C087A /* ContainViewController.m */ = {isa = PBXFileReference; fileEncoding = 4; lastKnownFileType = sourcecode.c.objc; name = ContainViewController.m; path = ViewController/ContainViewController.m; sourceTree = "<group>"; };
		0EE72E961D9E2CC8009C087A /* TestChildViewController.h */ = {isa = PBXFileReference; fileEncoding = 4; lastKnownFileType = sourcecode.c.h; path = TestChildViewController.h; sourceTree = "<group>"; };
		0EE72E971D9E2CC8009C087A /* TestChildViewController.m */ = {isa = PBXFileReference; fileEncoding = 4; lastKnownFileType = sourcecode.c.objc; path = TestChildViewController.m; sourceTree = "<group>"; };
		0EE72E9B1D9E2F75009C087A /* XLBarPagerTabStripViewController.h */ = {isa = PBXFileReference; fileEncoding = 4; lastKnownFileType = sourcecode.c.h; path = XLBarPagerTabStripViewController.h; sourceTree = "<group>"; };
		0EE72E9C1D9E2F75009C087A /* XLBarPagerTabStripViewController.m */ = {isa = PBXFileReference; fileEncoding = 4; lastKnownFileType = sourcecode.c.objc; path = XLBarPagerTabStripViewController.m; sourceTree = "<group>"; };
		0EE72E9D1D9E2F75009C087A /* XLButtonBarPagerTabStripViewController.h */ = {isa = PBXFileReference; fileEncoding = 4; lastKnownFileType = sourcecode.c.h; path = XLButtonBarPagerTabStripViewController.h; sourceTree = "<group>"; };
		0EE72E9E1D9E2F75009C087A /* XLButtonBarPagerTabStripViewController.m */ = {isa = PBXFileReference; fileEncoding = 4; lastKnownFileType = sourcecode.c.objc; path = XLButtonBarPagerTabStripViewController.m; sourceTree = "<group>"; };
		0EE72E9F1D9E2F75009C087A /* XLPagerTabStripViewController.h */ = {isa = PBXFileReference; fileEncoding = 4; lastKnownFileType = sourcecode.c.h; path = XLPagerTabStripViewController.h; sourceTree = "<group>"; };
		0EE72EA01D9E2F75009C087A /* XLPagerTabStripViewController.m */ = {isa = PBXFileReference; fileEncoding = 4; lastKnownFileType = sourcecode.c.objc; path = XLPagerTabStripViewController.m; sourceTree = "<group>"; };
		0EE72EA11D9E2F75009C087A /* XLSegmentedPagerTabStripViewController.h */ = {isa = PBXFileReference; fileEncoding = 4; lastKnownFileType = sourcecode.c.h; path = XLSegmentedPagerTabStripViewController.h; sourceTree = "<group>"; };
		0EE72EA21D9E2F75009C087A /* XLSegmentedPagerTabStripViewController.m */ = {isa = PBXFileReference; fileEncoding = 4; lastKnownFileType = sourcecode.c.objc; path = XLSegmentedPagerTabStripViewController.m; sourceTree = "<group>"; };
		0EE72EA31D9E2F75009C087A /* XLTwitterPagerTabStripViewController.h */ = {isa = PBXFileReference; fileEncoding = 4; lastKnownFileType = sourcecode.c.h; path = XLTwitterPagerTabStripViewController.h; sourceTree = "<group>"; };
		0EE72EA41D9E2F75009C087A /* XLTwitterPagerTabStripViewController.m */ = {isa = PBXFileReference; fileEncoding = 4; lastKnownFileType = sourcecode.c.objc; path = XLTwitterPagerTabStripViewController.m; sourceTree = "<group>"; };
		0EE72EA61D9E2F75009C087A /* ButtonCell.xib */ = {isa = PBXFileReference; fileEncoding = 4; lastKnownFileType = file.xib; path = ButtonCell.xib; sourceTree = "<group>"; };
		0EE72EA81D9E2F75009C087A /* FXPageControl.h */ = {isa = PBXFileReference; fileEncoding = 4; lastKnownFileType = sourcecode.c.h; path = FXPageControl.h; sourceTree = "<group>"; };
		0EE72EA91D9E2F75009C087A /* FXPageControl.m */ = {isa = PBXFileReference; fileEncoding = 4; lastKnownFileType = sourcecode.c.objc; path = FXPageControl.m; sourceTree = "<group>"; };
		0EE72EAA1D9E2F75009C087A /* XLBarView.h */ = {isa = PBXFileReference; fileEncoding = 4; lastKnownFileType = sourcecode.c.h; path = XLBarView.h; sourceTree = "<group>"; };
		0EE72EAB1D9E2F75009C087A /* XLBarView.m */ = {isa = PBXFileReference; fileEncoding = 4; lastKnownFileType = sourcecode.c.objc; path = XLBarView.m; sourceTree = "<group>"; };
		0EE72EAC1D9E2F75009C087A /* XLButtonBarView.h */ = {isa = PBXFileReference; fileEncoding = 4; lastKnownFileType = sourcecode.c.h; path = XLButtonBarView.h; sourceTree = "<group>"; };
		0EE72EAD1D9E2F75009C087A /* XLButtonBarView.m */ = {isa = PBXFileReference; fileEncoding = 4; lastKnownFileType = sourcecode.c.objc; path = XLButtonBarView.m; sourceTree = "<group>"; };
		0EE72EAE1D9E2F75009C087A /* XLButtonBarViewCell.h */ = {isa = PBXFileReference; fileEncoding = 4; lastKnownFileType = sourcecode.c.h; path = XLButtonBarViewCell.h; sourceTree = "<group>"; };
		0EE72EAF1D9E2F75009C087A /* XLButtonBarViewCell.m */ = {isa = PBXFileReference; fileEncoding = 4; lastKnownFileType = sourcecode.c.objc; path = XLButtonBarViewCell.m; sourceTree = "<group>"; };
		0EE72EC01D9E55ED009C087A /* LaunchingViewController.h */ = {isa = PBXFileReference; fileEncoding = 4; lastKnownFileType = sourcecode.c.h; name = LaunchingViewController.h; path = ViewController/LaunchingViewController.h; sourceTree = "<group>"; };
		0EE72EC11D9E55ED009C087A /* LaunchingViewController.m */ = {isa = PBXFileReference; fileEncoding = 4; lastKnownFileType = sourcecode.c.objc; name = LaunchingViewController.m; path = ViewController/LaunchingViewController.m; sourceTree = "<group>"; };
		0EEBAB561DA24CA700D36D0E /* ListWebsiteCell.h */ = {isa = PBXFileReference; fileEncoding = 4; lastKnownFileType = sourcecode.c.h; name = ListWebsiteCell.h; path = ViewController/ListWebsiteCell.h; sourceTree = "<group>"; };
		0EEBAB571DA24CA700D36D0E /* ListWebsiteCell.m */ = {isa = PBXFileReference; fileEncoding = 4; lastKnownFileType = sourcecode.c.objc; name = ListWebsiteCell.m; path = ViewController/ListWebsiteCell.m; sourceTree = "<group>"; };
		0EEBAB5A1DA34CAC00D36D0E /* document.json */ = {isa = PBXFileReference; fileEncoding = 4; lastKnownFileType = text.json; path = document.json; sourceTree = "<group>"; };
		5225F86C1D8F69F20079E151 /* TableViewCell.h */ = {isa = PBXFileReference; fileEncoding = 4; lastKnownFileType = sourcecode.c.h; path = TableViewCell.h; sourceTree = "<group>"; };
		5225F86D1D8F69F20079E151 /* TableViewCell.m */ = {isa = PBXFileReference; fileEncoding = 4; lastKnownFileType = sourcecode.c.objc; path = TableViewCell.m; sourceTree = "<group>"; };
		5225F86F1D90B4A50079E151 /* DetailViewController.h */ = {isa = PBXFileReference; fileEncoding = 4; lastKnownFileType = sourcecode.c.h; name = DetailViewController.h; path = Test/DetailViewController.h; sourceTree = "<group>"; };
		5225F8701D90B4A50079E151 /* DetailViewController.m */ = {isa = PBXFileReference; fileEncoding = 4; lastKnownFileType = sourcecode.c.objc; name = DetailViewController.m; path = Test/DetailViewController.m; sourceTree = "<group>"; };
		5288D2141DBED940003A000D /* NewStyleViewController.h */ = {isa = PBXFileReference; fileEncoding = 4; lastKnownFileType = sourcecode.c.h; name = NewStyleViewController.h; path = ViewController/NewStyleViewController.h; sourceTree = "<group>"; };
		5288D2151DBED940003A000D /* NewStyleViewController.m */ = {isa = PBXFileReference; fileEncoding = 4; lastKnownFileType = sourcecode.c.objc; name = NewStyleViewController.m; path = ViewController/NewStyleViewController.m; sourceTree = "<group>"; };
		5288D2171DBEDD19003A000D /* CollectionViewCell.h */ = {isa = PBXFileReference; fileEncoding = 4; lastKnownFileType = sourcecode.c.h; name = CollectionViewCell.h; path = ViewController/CollectionViewCell.h; sourceTree = "<group>"; };
		5288D2181DBEDD19003A000D /* CollectionViewCell.m */ = {isa = PBXFileReference; fileEncoding = 4; lastKnownFileType = sourcecode.c.objc; name = CollectionViewCell.m; path = ViewController/CollectionViewCell.m; sourceTree = "<group>"; };
		5288D2191DBEDD19003A000D /* CollectionViewCell.xib */ = {isa = PBXFileReference; fileEncoding = 4; lastKnownFileType = file.xib; name = CollectionViewCell.xib; path = ViewController/CollectionViewCell.xib; sourceTree = "<group>"; };
		52AB659D1D7DBA670032C527 /* DrawInView.h */ = {isa = PBXFileReference; fileEncoding = 4; lastKnownFileType = sourcecode.c.h; name = DrawInView.h; path = Test/DrawInView.h; sourceTree = "<group>"; };
		52AB659E1D7DBA670032C527 /* DrawInView.m */ = {isa = PBXFileReference; fileEncoding = 4; lastKnownFileType = sourcecode.c.objc; name = DrawInView.m; path = Test/DrawInView.m; sourceTree = "<group>"; };
		52AB65C51D7F948F0032C527 /* WeatherObject.h */ = {isa = PBXFileReference; fileEncoding = 4; lastKnownFileType = sourcecode.c.h; path = WeatherObject.h; sourceTree = "<group>"; };
		52AB65C61D7F948F0032C527 /* WeatherObject.m */ = {isa = PBXFileReference; fileEncoding = 4; lastKnownFileType = sourcecode.c.objc; path = WeatherObject.m; sourceTree = "<group>"; };
		52AB65C71D7F948F0032C527 /* YQL.h */ = {isa = PBXFileReference; fileEncoding = 4; lastKnownFileType = sourcecode.c.h; path = YQL.h; sourceTree = "<group>"; };
		52AB65C81D7F948F0032C527 /* YQL.m */ = {isa = PBXFileReference; fileEncoding = 4; lastKnownFileType = sourcecode.c.objc; path = YQL.m; sourceTree = "<group>"; };
		52AB65CB1D7F94A10032C527 /* WeatherForecast.plist */ = {isa = PBXFileReference; fileEncoding = 4; lastKnownFileType = text.plist.xml; path = WeatherForecast.plist; sourceTree = "<group>"; };
		52EBA9831D7A667500273548 /* SpecialMagazine.app */ = {isa = PBXFileReference; explicitFileType = wrapper.application; includeInIndex = 0; path = SpecialMagazine.app; sourceTree = BUILT_PRODUCTS_DIR; };
		52EBA9871D7A667500273548 /* main.m */ = {isa = PBXFileReference; lastKnownFileType = sourcecode.c.objc; path = main.m; sourceTree = "<group>"; };
		52EBA9891D7A667500273548 /* AppDelegate.h */ = {isa = PBXFileReference; lastKnownFileType = sourcecode.c.h; path = AppDelegate.h; sourceTree = "<group>"; };
		52EBA98A1D7A667500273548 /* AppDelegate.m */ = {isa = PBXFileReference; lastKnownFileType = sourcecode.c.objc; path = AppDelegate.m; sourceTree = "<group>"; };
		52EBA98C1D7A667500273548 /* ViewController.h */ = {isa = PBXFileReference; lastKnownFileType = sourcecode.c.h; path = ViewController.h; sourceTree = "<group>"; };
		52EBA98D1D7A667500273548 /* ViewController.m */ = {isa = PBXFileReference; lastKnownFileType = sourcecode.c.objc; path = ViewController.m; sourceTree = "<group>"; };
		52EBA9901D7A667500273548 /* Base */ = {isa = PBXFileReference; lastKnownFileType = file.storyboard; name = Base; path = Base.lproj/Main.storyboard; sourceTree = "<group>"; };
		52EBA9921D7A667600273548 /* Assets.xcassets */ = {isa = PBXFileReference; lastKnownFileType = folder.assetcatalog; path = Assets.xcassets; sourceTree = "<group>"; };
		52EBA9951D7A667600273548 /* Base */ = {isa = PBXFileReference; lastKnownFileType = file.storyboard; name = Base; path = Base.lproj/LaunchScreen.storyboard; sourceTree = "<group>"; };
		52EBA9971D7A667600273548 /* Info.plist */ = {isa = PBXFileReference; lastKnownFileType = text.plist.xml; path = Info.plist; sourceTree = "<group>"; };
		52EBA99D1D7A6A2400273548 /* PrefixHeader.pch */ = {isa = PBXFileReference; lastKnownFileType = sourcecode.c.h; path = PrefixHeader.pch; sourceTree = "<group>"; };
		52EBA99E1D7A6C2A00273548 /* Define.h */ = {isa = PBXFileReference; lastKnownFileType = sourcecode.c.h; path = Define.h; sourceTree = "<group>"; };
		52EBA99F1D7A6ED700273548 /* ArtistAPI.h */ = {isa = PBXFileReference; fileEncoding = 4; lastKnownFileType = sourcecode.c.h; name = ArtistAPI.h; path = Model/ArtistAPI.h; sourceTree = "<group>"; };
		52EBA9A01D7A6ED700273548 /* ArtistAPI.m */ = {isa = PBXFileReference; fileEncoding = 4; lastKnownFileType = sourcecode.c.objc; name = ArtistAPI.m; path = Model/ArtistAPI.m; sourceTree = "<group>"; };
		67641A894018992672889CD9 /* libPods-SpecialMagazine.a */ = {isa = PBXFileReference; explicitFileType = archive.ar; includeInIndex = 0; path = "libPods-SpecialMagazine.a"; sourceTree = BUILT_PRODUCTS_DIR; };
		C2BC8731ADCDA1B918B71EE7 /* Pods-SpecialMagazine.debug.xcconfig */ = {isa = PBXFileReference; includeInIndex = 1; lastKnownFileType = text.xcconfig; name = "Pods-SpecialMagazine.debug.xcconfig"; path = "Pods/Target Support Files/Pods-SpecialMagazine/Pods-SpecialMagazine.debug.xcconfig"; sourceTree = "<group>"; };
		D8A2E99C89D7B129D80B683B /* Pods-SpecialMagazine.release.xcconfig */ = {isa = PBXFileReference; includeInIndex = 1; lastKnownFileType = text.xcconfig; name = "Pods-SpecialMagazine.release.xcconfig"; path = "Pods/Target Support Files/Pods-SpecialMagazine/Pods-SpecialMagazine.release.xcconfig"; sourceTree = "<group>"; };
/* End PBXFileReference section */

/* Begin PBXFrameworksBuildPhase section */
		52EBA9801D7A667500273548 /* Frameworks */ = {
			isa = PBXFrameworksBuildPhase;
			buildActionMask = 2147483647;
			files = (
				5647DA2B772D13103B5E2016 /* libPods-SpecialMagazine.a in Frameworks */,
			);
			runOnlyForDeploymentPostprocessing = 0;
		};
/* End PBXFrameworksBuildPhase section */

/* Begin PBXGroup section */
		0E604CF41DEC32A3006A5346 /* HMSegmentedControl */ = {
			isa = PBXGroup;
			children = (
				0E604CF51DEC32A3006A5346 /* HMSegmentedControl.h */,
				0E604CF61DEC32A3006A5346 /* HMSegmentedControl.m */,
			);
			path = HMSegmentedControl;
			sourceTree = "<group>";
		};
		0ED6285F1DEFDFDA00898D15 /* View */ = {
			isa = PBXGroup;
			children = (
				52EBA98F1D7A667500273548 /* Main.storyboard */,
			);
			name = View;
			sourceTree = "<group>";
		};
		0ED628601DF01B6400898D15 /* TransitioningCurp */ = {
			isa = PBXGroup;
			children = (
				0ED628611DF01B6400898D15 /* TKNaviViewController.h */,
				0ED628621DF01B6400898D15 /* TKNaviViewController.m */,
			);
			path = TransitioningCurp;
			sourceTree = "<group>";
		};
		0ED628641DF01B7600898D15 /* Lib */ = {
			isa = PBXGroup;
			children = (
				0ED628601DF01B6400898D15 /* TransitioningCurp */,
				0E604CF41DEC32A3006A5346 /* HMSegmentedControl */,
				0EE72E991D9E2F75009C087A /* XL */,
			);
			name = Lib;
			sourceTree = "<group>";
		};
		0ED628651DF01B7E00898D15 /* App Delegate */ = {
			isa = PBXGroup;
			children = (
				52EBA9891D7A667500273548 /* AppDelegate.h */,
				52EBA98A1D7A667500273548 /* AppDelegate.m */,
			);
			name = "App Delegate";
			sourceTree = "<group>";
		};
		0EE72E951D9E23B4009C087A /* Controller */ = {
			isa = PBXGroup;
			children = (
				5288D2141DBED940003A000D /* NewStyleViewController.h */,
				5288D2151DBED940003A000D /* NewStyleViewController.m */,
				5288D21C1DBEDD1D003A000D /* Collection Cell */,
				0EE72E921D9E23B0009C087A /* ContainViewController.h */,
				0EE72E931D9E23B0009C087A /* ContainViewController.m */,
				0EE72EC01D9E55ED009C087A /* LaunchingViewController.h */,
				0EE72EC11D9E55ED009C087A /* LaunchingViewController.m */,
				0EEBAB591DA24CAE00D36D0E /* List website */,
			);
			name = Controller;
			sourceTree = "<group>";
		};
		0EE72E991D9E2F75009C087A /* XL */ = {
			isa = PBXGroup;
			children = (
				0EE72E9A1D9E2F75009C087A /* Controllers */,
				0EE72EA51D9E2F75009C087A /* Views */,
			);
			path = XL;
			sourceTree = "<group>";
		};
		0EE72E9A1D9E2F75009C087A /* Controllers */ = {
			isa = PBXGroup;
			children = (
				0EE72E9B1D9E2F75009C087A /* XLBarPagerTabStripViewController.h */,
				0EE72E9C1D9E2F75009C087A /* XLBarPagerTabStripViewController.m */,
				0EE72E9D1D9E2F75009C087A /* XLButtonBarPagerTabStripViewController.h */,
				0EE72E9E1D9E2F75009C087A /* XLButtonBarPagerTabStripViewController.m */,
				0EE72E9F1D9E2F75009C087A /* XLPagerTabStripViewController.h */,
				0EE72EA01D9E2F75009C087A /* XLPagerTabStripViewController.m */,
				0EE72EA11D9E2F75009C087A /* XLSegmentedPagerTabStripViewController.h */,
				0EE72EA21D9E2F75009C087A /* XLSegmentedPagerTabStripViewController.m */,
				0EE72EA31D9E2F75009C087A /* XLTwitterPagerTabStripViewController.h */,
				0EE72EA41D9E2F75009C087A /* XLTwitterPagerTabStripViewController.m */,
			);
			path = Controllers;
			sourceTree = "<group>";
		};
		0EE72EA51D9E2F75009C087A /* Views */ = {
			isa = PBXGroup;
			children = (
				0EE72EA61D9E2F75009C087A /* ButtonCell.xib */,
				0EE72EA71D9E2F75009C087A /* FXPageControl */,
				0EE72EAA1D9E2F75009C087A /* XLBarView.h */,
				0EE72EAB1D9E2F75009C087A /* XLBarView.m */,
				0EE72EAC1D9E2F75009C087A /* XLButtonBarView.h */,
				0EE72EAD1D9E2F75009C087A /* XLButtonBarView.m */,
				0EE72EAE1D9E2F75009C087A /* XLButtonBarViewCell.h */,
				0EE72EAF1D9E2F75009C087A /* XLButtonBarViewCell.m */,
			);
			path = Views;
			sourceTree = "<group>";
		};
		0EE72EA71D9E2F75009C087A /* FXPageControl */ = {
			isa = PBXGroup;
			children = (
				0EE72EA81D9E2F75009C087A /* FXPageControl.h */,
				0EE72EA91D9E2F75009C087A /* FXPageControl.m */,
			);
			path = FXPageControl;
			sourceTree = "<group>";
		};
		0EEBAB591DA24CAE00D36D0E /* List website */ = {
			isa = PBXGroup;
			children = (
				0ED7635E1DA24A390065F881 /* ListWebsitesController.h */,
				0ED7635F1DA24A390065F881 /* ListWebsitesController.m */,
				0EEBAB561DA24CA700D36D0E /* ListWebsiteCell.h */,
				0EEBAB571DA24CA700D36D0E /* ListWebsiteCell.m */,
			);
			name = "List website";
			sourceTree = "<group>";
		};
		5288D21C1DBEDD1D003A000D /* Collection Cell */ = {
			isa = PBXGroup;
			children = (
				5288D2171DBEDD19003A000D /* CollectionViewCell.h */,
				5288D2181DBEDD19003A000D /* CollectionViewCell.m */,
				5288D2191DBEDD19003A000D /* CollectionViewCell.xib */,
				0E9AD5351DBF1B3800F6A666 /* CellCollectionView.h */,
				0E9AD5361DBF1B3800F6A666 /* CellCollectionView.m */,
				0E9AD5371DBF1B3800F6A666 /* CellCollectionView.xib */,
			);
			name = "Collection Cell";
			sourceTree = "<group>";
		};
		52AB65A01D7DBA6B0032C527 /* Test */ = {
			isa = PBXGroup;
			children = (
				5225F86F1D90B4A50079E151 /* DetailViewController.h */,
				5225F8701D90B4A50079E151 /* DetailViewController.m */,
				52AB659D1D7DBA670032C527 /* DrawInView.h */,
				52AB659E1D7DBA670032C527 /* DrawInView.m */,
			);
			name = Test;
			sourceTree = "<group>";
		};
		52AB65C41D7F948F0032C527 /* Weather Modun */ = {
			isa = PBXGroup;
			children = (
				52AB65C51D7F948F0032C527 /* WeatherObject.h */,
				52AB65C61D7F948F0032C527 /* WeatherObject.m */,
				52AB65C71D7F948F0032C527 /* YQL.h */,
				52AB65C81D7F948F0032C527 /* YQL.m */,
			);
			path = "Weather Modun";
			sourceTree = "<group>";
		};
		52EBA97A1D7A667500273548 = {
			isa = PBXGroup;
			children = (
				52EBA9851D7A667500273548 /* SpecialMagazine */,
				52EBA9841D7A667500273548 /* Products */,
				878C7841E8677B75BBCA7C5D /* Pods */,
				A35584569E7FC49EA69331E1 /* Frameworks */,
			);
			sourceTree = "<group>";
		};
		52EBA9841D7A667500273548 /* Products */ = {
			isa = PBXGroup;
			children = (
				52EBA9831D7A667500273548 /* SpecialMagazine.app */,
			);
			name = Products;
			sourceTree = "<group>";
		};
		52EBA9851D7A667500273548 /* SpecialMagazine */ = {
			isa = PBXGroup;
			children = (
				0ED628641DF01B7600898D15 /* Lib */,
				0ED628651DF01B7E00898D15 /* App Delegate */,
				52EBA98C1D7A667500273548 /* ViewController.h */,
				52EBA98D1D7A667500273548 /* ViewController.m */,
				0EE72E961D9E2CC8009C087A /* TestChildViewController.h */,
				0EE72E971D9E2CC8009C087A /* TestChildViewController.m */,
				5225F86C1D8F69F20079E151 /* TableViewCell.h */,
				5225F86D1D8F69F20079E151 /* TableViewCell.m */,
				0EE72E951D9E23B4009C087A /* Controller */,
				52AB65A01D7DBA6B0032C527 /* Test */,
				52EBA9A21D7A6EE200273548 /* Model */,
				0ED6285F1DEFDFDA00898D15 /* View */,
				52AB65C41D7F948F0032C527 /* Weather Modun */,
				52EBA9921D7A667600273548 /* Assets.xcassets */,
				52EBA9941D7A667600273548 /* LaunchScreen.storyboard */,
				52EBA9971D7A667600273548 /* Info.plist */,
				52EBA9861D7A667500273548 /* Supporting Files */,
			);
			path = SpecialMagazine;
			sourceTree = "<group>";
		};
		52EBA9861D7A667500273548 /* Supporting Files */ = {
			isa = PBXGroup;
			children = (
				0EEBAB5A1DA34CAC00D36D0E /* document.json */,
				52EBA99E1D7A6C2A00273548 /* Define.h */,
				52EBA9871D7A667500273548 /* main.m */,
				52AB65CB1D7F94A10032C527 /* WeatherForecast.plist */,
				52EBA99D1D7A6A2400273548 /* PrefixHeader.pch */,
			);
			name = "Supporting Files";
			sourceTree = "<group>";
		};
		52EBA9A21D7A6EE200273548 /* Model */ = {
			isa = PBXGroup;
			children = (
				52EBA99F1D7A6ED700273548 /* ArtistAPI.h */,
				52EBA9A01D7A6ED700273548 /* ArtistAPI.m */,
				0E1F12011D8BB200007F77EC /* ArticleObject.h */,
				0E1F12021D8BB200007F77EC /* ArticleObject.m */,
			);
			name = Model;
			sourceTree = "<group>";
		};
		878C7841E8677B75BBCA7C5D /* Pods */ = {
			isa = PBXGroup;
			children = (
				C2BC8731ADCDA1B918B71EE7 /* Pods-SpecialMagazine.debug.xcconfig */,
				D8A2E99C89D7B129D80B683B /* Pods-SpecialMagazine.release.xcconfig */,
			);
			name = Pods;
			sourceTree = "<group>";
		};
		A35584569E7FC49EA69331E1 /* Frameworks */ = {
			isa = PBXGroup;
			children = (
				67641A894018992672889CD9 /* libPods-SpecialMagazine.a */,
			);
			name = Frameworks;
			sourceTree = "<group>";
		};
/* End PBXGroup section */

/* Begin PBXNativeTarget section */
		52EBA9821D7A667500273548 /* SpecialMagazine */ = {
			isa = PBXNativeTarget;
			buildConfigurationList = 52EBA99A1D7A667600273548 /* Build configuration list for PBXNativeTarget "SpecialMagazine" */;
			buildPhases = (
				2E1CED405560FB7CF05A9821 /* [CP] Check Pods Manifest.lock */,
				52EBA97F1D7A667500273548 /* Sources */,
				52EBA9801D7A667500273548 /* Frameworks */,
				52EBA9811D7A667500273548 /* Resources */,
				585E956A5838331FF5D45A95 /* [CP] Embed Pods Frameworks */,
				02ABB35B9A4936F52B55BC4F /* [CP] Copy Pods Resources */,
			);
			buildRules = (
			);
			dependencies = (
			);
			name = SpecialMagazine;
			productName = SpecialMagazine;
			productReference = 52EBA9831D7A667500273548 /* SpecialMagazine.app */;
			productType = "com.apple.product-type.application";
		};
/* End PBXNativeTarget section */

/* Begin PBXProject section */
		52EBA97B1D7A667500273548 /* Project object */ = {
			isa = PBXProject;
			attributes = {
				LastUpgradeCheck = 0730;
				ORGANIZATIONNAME = "Macbook Pro";
				TargetAttributes = {
					52EBA9821D7A667500273548 = {
						CreatedOnToolsVersion = 7.3.1;
						DevelopmentTeam = 988D2L6XZT;
					};
				};
			};
			buildConfigurationList = 52EBA97E1D7A667500273548 /* Build configuration list for PBXProject "SpecialMagazine" */;
			compatibilityVersion = "Xcode 3.2";
			developmentRegion = English;
			hasScannedForEncodings = 0;
			knownRegions = (
				en,
				Base,
			);
			mainGroup = 52EBA97A1D7A667500273548;
			productRefGroup = 52EBA9841D7A667500273548 /* Products */;
			projectDirPath = "";
			projectRoot = "";
			targets = (
				52EBA9821D7A667500273548 /* SpecialMagazine */,
			);
		};
/* End PBXProject section */

/* Begin PBXResourcesBuildPhase section */
		52EBA9811D7A667500273548 /* Resources */ = {
			isa = PBXResourcesBuildPhase;
			buildActionMask = 2147483647;
			files = (
				52EBA9961D7A667600273548 /* LaunchScreen.storyboard in Resources */,
				5288D21B1DBEDD19003A000D /* CollectionViewCell.xib in Resources */,
				52EBA9931D7A667600273548 /* Assets.xcassets in Resources */,
				0EEBAB5B1DA34CAC00D36D0E /* document.json in Resources */,
				0EE72EB51D9E2F75009C087A /* ButtonCell.xib in Resources */,
				52AB65CC1D7F94A10032C527 /* WeatherForecast.plist in Resources */,
				0E9AD5391DBF1B3800F6A666 /* CellCollectionView.xib in Resources */,
				52EBA9911D7A667500273548 /* Main.storyboard in Resources */,
			);
			runOnlyForDeploymentPostprocessing = 0;
		};
/* End PBXResourcesBuildPhase section */

/* Begin PBXShellScriptBuildPhase section */
		02ABB35B9A4936F52B55BC4F /* [CP] Copy Pods Resources */ = {
			isa = PBXShellScriptBuildPhase;
			buildActionMask = 2147483647;
			files = (
			);
			inputPaths = (
			);
			name = "[CP] Copy Pods Resources";
			outputPaths = (
			);
			runOnlyForDeploymentPostprocessing = 0;
			shellPath = /bin/sh;
			shellScript = "\"${SRCROOT}/Pods/Target Support Files/Pods-SpecialMagazine/Pods-SpecialMagazine-resources.sh\"\n";
			showEnvVarsInLog = 0;
		};
		2E1CED405560FB7CF05A9821 /* [CP] Check Pods Manifest.lock */ = {
			isa = PBXShellScriptBuildPhase;
			buildActionMask = 2147483647;
			files = (
			);
			inputPaths = (
			);
			name = "[CP] Check Pods Manifest.lock";
			outputPaths = (
			);
			runOnlyForDeploymentPostprocessing = 0;
			shellPath = /bin/sh;
			shellScript = "diff \"${PODS_ROOT}/../Podfile.lock\" \"${PODS_ROOT}/Manifest.lock\" > /dev/null\nif [ $? != 0 ] ; then\n    # print error to STDERR\n    echo \"error: The sandbox is not in sync with the Podfile.lock. Run 'pod install' or update your CocoaPods installation.\" >&2\n    exit 1\nfi\n";
			showEnvVarsInLog = 0;
		};
		585E956A5838331FF5D45A95 /* [CP] Embed Pods Frameworks */ = {
			isa = PBXShellScriptBuildPhase;
			buildActionMask = 2147483647;
			files = (
			);
			inputPaths = (
			);
			name = "[CP] Embed Pods Frameworks";
			outputPaths = (
			);
			runOnlyForDeploymentPostprocessing = 0;
			shellPath = /bin/sh;
			shellScript = "\"${SRCROOT}/Pods/Target Support Files/Pods-SpecialMagazine/Pods-SpecialMagazine-frameworks.sh\"\n";
			showEnvVarsInLog = 0;
		};
/* End PBXShellScriptBuildPhase section */

/* Begin PBXSourcesBuildPhase section */
		52EBA97F1D7A667500273548 /* Sources */ = {
			isa = PBXSourcesBuildPhase;
			buildActionMask = 2147483647;
			files = (
				52EBA98E1D7A667500273548 /* ViewController.m in Sources */,
				5288D2161DBED940003A000D /* NewStyleViewController.m in Sources */,
				0E9AD5381DBF1B3800F6A666 /* CellCollectionView.m in Sources */,
				0ED628631DF01B6400898D15 /* TKNaviViewController.m in Sources */,
				0EE72EB21D9E2F75009C087A /* XLPagerTabStripViewController.m in Sources */,
				0EE72EB61D9E2F75009C087A /* FXPageControl.m in Sources */,
				52EBA98B1D7A667500273548 /* AppDelegate.m in Sources */,
				0EE72EB41D9E2F75009C087A /* XLTwitterPagerTabStripViewController.m in Sources */,
				0EE72EB91D9E2F75009C087A /* XLButtonBarViewCell.m in Sources */,
				52EBA9881D7A667500273548 /* main.m in Sources */,
				52AB65C91D7F948F0032C527 /* WeatherObject.m in Sources */,
				5225F86E1D8F69F20079E151 /* TableViewCell.m in Sources */,
				0EE72EB81D9E2F75009C087A /* XLButtonBarView.m in Sources */,
				5225F8711D90B4A50079E151 /* DetailViewController.m in Sources */,
				52AB659F1D7DBA670032C527 /* DrawInView.m in Sources */,
				0E1F12031D8BB200007F77EC /* ArticleObject.m in Sources */,
				0EE72E941D9E23B0009C087A /* ContainViewController.m in Sources */,
				0EE72EB31D9E2F75009C087A /* XLSegmentedPagerTabStripViewController.m in Sources */,
				0E604CF71DEC32A3006A5346 /* HMSegmentedControl.m in Sources */,
				0EE72EB01D9E2F75009C087A /* XLBarPagerTabStripViewController.m in Sources */,
				0EE72EC21D9E55ED009C087A /* LaunchingViewController.m in Sources */,
				52EBA9A11D7A6ED700273548 /* ArtistAPI.m in Sources */,
				0ED763601DA24A390065F881 /* ListWebsitesController.m in Sources */,
				0EEBAB581DA24CA700D36D0E /* ListWebsiteCell.m in Sources */,
				0EE72EB11D9E2F75009C087A /* XLButtonBarPagerTabStripViewController.m in Sources */,
				52AB65CA1D7F948F0032C527 /* YQL.m in Sources */,
				0EE72E981D9E2CC8009C087A /* TestChildViewController.m in Sources */,
				5288D21A1DBEDD19003A000D /* CollectionViewCell.m in Sources */,
				0EE72EB71D9E2F75009C087A /* XLBarView.m in Sources */,
			);
			runOnlyForDeploymentPostprocessing = 0;
		};
/* End PBXSourcesBuildPhase section */

/* Begin PBXVariantGroup section */
		52EBA98F1D7A667500273548 /* Main.storyboard */ = {
			isa = PBXVariantGroup;
			children = (
				52EBA9901D7A667500273548 /* Base */,
			);
			name = Main.storyboard;
			sourceTree = "<group>";
		};
		52EBA9941D7A667600273548 /* LaunchScreen.storyboard */ = {
			isa = PBXVariantGroup;
			children = (
				52EBA9951D7A667600273548 /* Base */,
			);
			name = LaunchScreen.storyboard;
			sourceTree = "<group>";
		};
/* End PBXVariantGroup section */

/* Begin XCBuildConfiguration section */
		52EBA9981D7A667600273548 /* Debug */ = {
			isa = XCBuildConfiguration;
			buildSettings = {
				ALWAYS_SEARCH_USER_PATHS = NO;
				CLANG_ANALYZER_NONNULL = YES;
				CLANG_CXX_LANGUAGE_STANDARD = "gnu++0x";
				CLANG_CXX_LIBRARY = "libc++";
				CLANG_ENABLE_MODULES = YES;
				CLANG_ENABLE_OBJC_ARC = YES;
				CLANG_WARN_BOOL_CONVERSION = YES;
				CLANG_WARN_CONSTANT_CONVERSION = YES;
				CLANG_WARN_DIRECT_OBJC_ISA_USAGE = YES_ERROR;
				CLANG_WARN_EMPTY_BODY = YES;
				CLANG_WARN_ENUM_CONVERSION = YES;
				CLANG_WARN_INT_CONVERSION = YES;
				CLANG_WARN_OBJC_ROOT_CLASS = YES_ERROR;
				CLANG_WARN_UNREACHABLE_CODE = YES;
				CLANG_WARN__DUPLICATE_METHOD_MATCH = YES;
				"CODE_SIGN_IDENTITY[sdk=iphoneos*]" = "iPhone Developer";
				COPY_PHASE_STRIP = NO;
				DEBUG_INFORMATION_FORMAT = dwarf;
				ENABLE_STRICT_OBJC_MSGSEND = YES;
				ENABLE_TESTABILITY = YES;
				GCC_C_LANGUAGE_STANDARD = gnu99;
				GCC_DYNAMIC_NO_PIC = NO;
				GCC_NO_COMMON_BLOCKS = YES;
				GCC_OPTIMIZATION_LEVEL = 0;
				GCC_PREPROCESSOR_DEFINITIONS = (
					"DEBUG=1",
					"$(inherited)",
				);
				GCC_WARN_64_TO_32_BIT_CONVERSION = YES;
				GCC_WARN_ABOUT_RETURN_TYPE = YES_ERROR;
				GCC_WARN_UNDECLARED_SELECTOR = YES;
				GCC_WARN_UNINITIALIZED_AUTOS = YES_AGGRESSIVE;
				GCC_WARN_UNUSED_FUNCTION = YES;
				GCC_WARN_UNUSED_VARIABLE = YES;
				IPHONEOS_DEPLOYMENT_TARGET = 9.3;
				MTL_ENABLE_DEBUG_INFO = YES;
				ONLY_ACTIVE_ARCH = YES;
				SDKROOT = iphoneos;
				TARGETED_DEVICE_FAMILY = "1,2";
			};
			name = Debug;
		};
		52EBA9991D7A667600273548 /* Release */ = {
			isa = XCBuildConfiguration;
			buildSettings = {
				ALWAYS_SEARCH_USER_PATHS = NO;
				CLANG_ANALYZER_NONNULL = YES;
				CLANG_CXX_LANGUAGE_STANDARD = "gnu++0x";
				CLANG_CXX_LIBRARY = "libc++";
				CLANG_ENABLE_MODULES = YES;
				CLANG_ENABLE_OBJC_ARC = YES;
				CLANG_WARN_BOOL_CONVERSION = YES;
				CLANG_WARN_CONSTANT_CONVERSION = YES;
				CLANG_WARN_DIRECT_OBJC_ISA_USAGE = YES_ERROR;
				CLANG_WARN_EMPTY_BODY = YES;
				CLANG_WARN_ENUM_CONVERSION = YES;
				CLANG_WARN_INT_CONVERSION = YES;
				CLANG_WARN_OBJC_ROOT_CLASS = YES_ERROR;
				CLANG_WARN_UNREACHABLE_CODE = YES;
				CLANG_WARN__DUPLICATE_METHOD_MATCH = YES;
				"CODE_SIGN_IDENTITY[sdk=iphoneos*]" = "iPhone Developer";
				COPY_PHASE_STRIP = NO;
				DEBUG_INFORMATION_FORMAT = "dwarf-with-dsym";
				ENABLE_NS_ASSERTIONS = NO;
				ENABLE_STRICT_OBJC_MSGSEND = YES;
				GCC_C_LANGUAGE_STANDARD = gnu99;
				GCC_NO_COMMON_BLOCKS = YES;
				GCC_WARN_64_TO_32_BIT_CONVERSION = YES;
				GCC_WARN_ABOUT_RETURN_TYPE = YES_ERROR;
				GCC_WARN_UNDECLARED_SELECTOR = YES;
				GCC_WARN_UNINITIALIZED_AUTOS = YES_AGGRESSIVE;
				GCC_WARN_UNUSED_FUNCTION = YES;
				GCC_WARN_UNUSED_VARIABLE = YES;
				IPHONEOS_DEPLOYMENT_TARGET = 9.3;
				MTL_ENABLE_DEBUG_INFO = NO;
				SDKROOT = iphoneos;
				TARGETED_DEVICE_FAMILY = "1,2";
				VALIDATE_PRODUCT = YES;
			};
			name = Release;
		};
		52EBA99B1D7A667600273548 /* Debug */ = {
			isa = XCBuildConfiguration;
			baseConfigurationReference = C2BC8731ADCDA1B918B71EE7 /* Pods-SpecialMagazine.debug.xcconfig */;
			buildSettings = {
				ASSETCATALOG_COMPILER_APPICON_NAME = AppIcon;
				DEVELOPMENT_TEAM = 988D2L6XZT;
				GCC_PRECOMPILE_PREFIX_HEADER = YES;
				GCC_PREFIX_HEADER = "$(PROJECT_DIR)/SpecialMagazine/PrefixHeader.pch";
				INFOPLIST_FILE = SpecialMagazine/Info.plist;
				IPHONEOS_DEPLOYMENT_TARGET = 7.1;
				LD_RUNPATH_SEARCH_PATHS = "$(inherited) @executable_path/Frameworks";
				PRODUCT_BUNDLE_IDENTIFIER = LightStudio.SpecialMagazine;
				PRODUCT_NAME = "$(TARGET_NAME)";
			};
			name = Debug;
		};
		52EBA99C1D7A667600273548 /* Release */ = {
			isa = XCBuildConfiguration;
			baseConfigurationReference = D8A2E99C89D7B129D80B683B /* Pods-SpecialMagazine.release.xcconfig */;
			buildSettings = {
				ASSETCATALOG_COMPILER_APPICON_NAME = AppIcon;
				DEVELOPMENT_TEAM = 988D2L6XZT;
				GCC_PRECOMPILE_PREFIX_HEADER = YES;
				GCC_PREFIX_HEADER = "$(PROJECT_DIR)/SpecialMagazine/PrefixHeader.pch";
				INFOPLIST_FILE = SpecialMagazine/Info.plist;
				IPHONEOS_DEPLOYMENT_TARGET = 7.1;
				LD_RUNPATH_SEARCH_PATHS = "$(inherited) @executable_path/Frameworks";
				PRODUCT_BUNDLE_IDENTIFIER = LightStudio.SpecialMagazine;
				PRODUCT_NAME = "$(TARGET_NAME)";
			};
			name = Release;
		};
/* End XCBuildConfiguration section */

/* Begin XCConfigurationList section */
		52EBA97E1D7A667500273548 /* Build configuration list for PBXProject "SpecialMagazine" */ = {
			isa = XCConfigurationList;
			buildConfigurations = (
				52EBA9981D7A667600273548 /* Debug */,
				52EBA9991D7A667600273548 /* Release */,
			);
			defaultConfigurationIsVisible = 0;
			defaultConfigurationName = Release;
		};
		52EBA99A1D7A667600273548 /* Build configuration list for PBXNativeTarget "SpecialMagazine" */ = {
			isa = XCConfigurationList;
			buildConfigurations = (
				52EBA99B1D7A667600273548 /* Debug */,
				52EBA99C1D7A667600273548 /* Release */,
			);
			defaultConfigurationIsVisible = 0;
			defaultConfigurationName = Release;
		};
/* End XCConfigurationList section */
	};
	rootObject = 52EBA97B1D7A667500273548 /* Project object */;
}
